
Microsoft Visual Studio Solution File, Format Version 12.00
# Visual Studio 15
VisualStudioVersion = 15.0.28307.572
MinimumVisualStudioVersion = 10.0.40219.1
Project("{FAE04EC0-301F-11D3-BF4B-00C04F79EFBC}") = "AVECinema", "AVECinema\AVECinema.csproj", "{CD612EE2-7E29-44AC-87A3-3F5BEE00DDC8}"
EndProject
Project("{FAE04EC0-301F-11D3-BF4B-00C04F79EFBC}") = "TestAVECinema", "TestAVECinema\TestAVECinema.csproj", "{86EEB157-5426-431B-92DC-4340C30F769E}"
EndProject
Project("{FAE04EC0-301F-11D3-BF4B-00C04F79EFBC}") = "EmailService", "EmailService\EmailService.csproj", "{01CEA1BE-4F26-4539-AB58-494567043514}"
EndProject
Global
	GlobalSection(SolutionConfigurationPlatforms) = preSolution
		Debug|Any CPU = Debug|Any CPU
		Release|Any CPU = Release|Any CPU
	EndGlobalSection
	GlobalSection(ProjectConfigurationPlatforms) = postSolution
		{CD612EE2-7E29-44AC-87A3-3F5BEE00DDC8}.Debug|Any CPU.ActiveCfg = Debug|Any CPU
		{CD612EE2-7E29-44AC-87A3-3F5BEE00DDC8}.Debug|Any CPU.Build.0 = Debug|Any CPU
		{CD612EE2-7E29-44AC-87A3-3F5BEE00DDC8}.Release|Any CPU.ActiveCfg = Release|Any CPU
		{CD612EE2-7E29-44AC-87A3-3F5BEE00DDC8}.Release|Any CPU.Build.0 = Release|Any CPU
		{86EEB157-5426-431B-92DC-4340C30F769E}.Debug|Any CPU.ActiveCfg = Debug|Any CPU
		{86EEB157-5426-431B-92DC-4340C30F769E}.Debug|Any CPU.Build.0 = Debug|Any CPU
		{86EEB157-5426-431B-92DC-4340C30F769E}.Release|Any CPU.ActiveCfg = Release|Any CPU
		{86EEB157-5426-431B-92DC-4340C30F769E}.Release|Any CPU.Build.0 = Release|Any CPU
		{01CEA1BE-4F26-4539-AB58-494567043514}.Debug|Any CPU.ActiveCfg = Debug|Any CPU
		{01CEA1BE-4F26-4539-AB58-494567043514}.Debug|Any CPU.Build.0 = Debug|Any CPU
		{01CEA1BE-4F26-4539-AB58-494567043514}.Release|Any CPU.ActiveCfg = Release|Any CPU
		{01CEA1BE-4F26-4539-AB58-494567043514}.Release|Any CPU.Build.0 = Release|Any CPU
	EndGlobalSection
	GlobalSection(SolutionProperties) = preSolution
		HideSolutionNode = FALSE
	EndGlobalSection
	GlobalSection(ExtensibilityGlobals) = postSolution
		SolutionGuid = {6821E0BE-770C-4743-A33D-525465C4839A}
	EndGlobalSection
EndGlobal
